
Microsoft Visual Studio Solution File, Format Version 12.00
Project("{FAE04EC0-301F-11D3-BF4B-00C04F79EFBC}") = "Producer", "Producer\Producer.csproj", "{9205651E-8187-460B-8C48-63A3914C4102}"
EndProject
Project("{FAE04EC0-301F-11D3-BF4B-00C04F79EFBC}") = "Consumer", "Consumer\Consumer.csproj", "{D2D5D079-0893-4317-9D0E-1E3ADB0F09FB}"
EndProject
Project("{FAE04EC0-301F-11D3-BF4B-00C04F79EFBC}") = "Redis_Message_Queue", "Redis_Message_Queue\Redis_Message_Queue.csproj", "{58952657-0C63-41C1-B3E0-88C790DD5F6E}"
EndProject
Global
	GlobalSection(SolutionConfigurationPlatforms) = preSolution
		Debug|Any CPU = Debug|Any CPU
		Release|Any CPU = Release|Any CPU
	EndGlobalSection
	GlobalSection(ProjectConfigurationPlatforms) = postSolution
		{9205651E-8187-460B-8C48-63A3914C4102}.Debug|Any CPU.ActiveCfg = Debug|Any CPU
		{9205651E-8187-460B-8C48-63A3914C4102}.Debug|Any CPU.Build.0 = Debug|Any CPU
		{9205651E-8187-460B-8C48-63A3914C4102}.Release|Any CPU.ActiveCfg = Release|Any CPU
		{9205651E-8187-460B-8C48-63A3914C4102}.Release|Any CPU.Build.0 = Release|Any CPU
		{D2D5D079-0893-4317-9D0E-1E3ADB0F09FB}.Debug|Any CPU.ActiveCfg = Debug|Any CPU
		{D2D5D079-0893-4317-9D0E-1E3ADB0F09FB}.Debug|Any CPU.Build.0 = Debug|Any CPU
		{D2D5D079-0893-4317-9D0E-1E3ADB0F09FB}.Release|Any CPU.ActiveCfg = Release|Any CPU
		{D2D5D079-0893-4317-9D0E-1E3ADB0F09FB}.Release|Any CPU.Build.0 = Release|Any CPU
		{58952657-0C63-41C1-B3E0-88C790DD5F6E}.Debug|Any CPU.ActiveCfg = Debug|Any CPU
		{58952657-0C63-41C1-B3E0-88C790DD5F6E}.Debug|Any CPU.Build.0 = Debug|Any CPU
		{58952657-0C63-41C1-B3E0-88C790DD5F6E}.Release|Any CPU.ActiveCfg = Release|Any CPU
		{58952657-0C63-41C1-B3E0-88C790DD5F6E}.Release|Any CPU.Build.0 = Release|Any CPU
	EndGlobalSection
EndGlobal
